// !$*UTF8*$!
{
	archiveVersion = 1;
	classes = {
	};
	objectVersion = 56;
	objects = {

/* Begin PBXBuildFile section */
		0137AFC92B773DF10050C230 /* AppDelegate.swift in Sources */ = {isa = PBXBuildFile; fileRef = 0137AFC82B773DF10050C230 /* AppDelegate.swift */; };
		0137AFCB2B773DF10050C230 /* SceneDelegate.swift in Sources */ = {isa = PBXBuildFile; fileRef = 0137AFCA2B773DF10050C230 /* SceneDelegate.swift */; };
		0137AFD22B773DF20050C230 /* Assets.xcassets in Resources */ = {isa = PBXBuildFile; fileRef = 0137AFD12B773DF20050C230 /* Assets.xcassets */; };
		0137AFD52B773DF20050C230 /* LaunchScreen.storyboard in Resources */ = {isa = PBXBuildFile; fileRef = 0137AFD32B773DF20050C230 /* LaunchScreen.storyboard */; };
		017225262B7A4FC200C9DF7C /* UIColor+Extension.swift in Sources */ = {isa = PBXBuildFile; fileRef = 017225252B7A4FC200C9DF7C /* UIColor+Extension.swift */; };
		0172253E2B7A637100C9DF7C /* CoffeeModel.swift in Sources */ = {isa = PBXBuildFile; fileRef = 0172253D2B7A637100C9DF7C /* CoffeeModel.swift */; };
		017225442B7A649300C9DF7C /* RoastingDetailModel.swift in Sources */ = {isa = PBXBuildFile; fileRef = 017225432B7A649300C9DF7C /* RoastingDetailModel.swift */; };
		0172254A2B7A657A00C9DF7C /* AddIngredientsModel.swift in Sources */ = {isa = PBXBuildFile; fileRef = 017225492B7A657A00C9DF7C /* AddIngredientsModel.swift */; };
		017225502B7A6AF600C9DF7C /* OrderModel.swift in Sources */ = {isa = PBXBuildFile; fileRef = 0172254F2B7A6AF600C9DF7C /* OrderModel.swift */; };
		017225622B7A86CC00C9DF7C /* CoffeeView.swift in Sources */ = {isa = PBXBuildFile; fileRef = 017225612B7A86CC00C9DF7C /* CoffeeView.swift */; };
		017225642B7A86EA00C9DF7C /* RoastingDetailView.swift in Sources */ = {isa = PBXBuildFile; fileRef = 017225632B7A86EA00C9DF7C /* RoastingDetailView.swift */; };
		017225662B7A870D00C9DF7C /* AddIngredientsView.swift in Sources */ = {isa = PBXBuildFile; fileRef = 017225652B7A870D00C9DF7C /* AddIngredientsView.swift */; };
		017225682B7A872300C9DF7C /* OrderView.swift in Sources */ = {isa = PBXBuildFile; fileRef = 017225672B7A872300C9DF7C /* OrderView.swift */; };
		017225702B7A8A2F00C9DF7C /* CoffeeViewController.swift in Sources */ = {isa = PBXBuildFile; fileRef = 0172256F2B7A8A2F00C9DF7C /* CoffeeViewController.swift */; };
		017225722B7A8A6200C9DF7C /* RoastingDetailViewController.swift in Sources */ = {isa = PBXBuildFile; fileRef = 017225712B7A8A6200C9DF7C /* RoastingDetailViewController.swift */; };
		017225742B7A8A8B00C9DF7C /* AddIngredientsViewController.swift in Sources */ = {isa = PBXBuildFile; fileRef = 017225732B7A8A8B00C9DF7C /* AddIngredientsViewController.swift */; };
		017225762B7A8AA100C9DF7C /* OrderViewController.swift in Sources */ = {isa = PBXBuildFile; fileRef = 017225752B7A8AA100C9DF7C /* OrderViewController.swift */; };
		0AEACFD02B832D74009F0191 /* AuthViewController.swift in Sources */ = {isa = PBXBuildFile; fileRef = 0AEACFCC2B832D74009F0191 /* AuthViewController.swift */; };
		0AEACFD12B832D74009F0191 /* MintColorBottomButton.swift in Sources */ = {isa = PBXBuildFile; fileRef = 0AEACFCE2B832D74009F0191 /* MintColorBottomButton.swift */; };
		0AEACFD22B832D74009F0191 /* BrownBackgroundView.swift in Sources */ = {isa = PBXBuildFile; fileRef = 0AEACFCF2B832D74009F0191 /* BrownBackgroundView.swift */; };
		0AEACFD82B832D8A009F0191 /* MenuViewController.swift in Sources */ = {isa = PBXBuildFile; fileRef = 0AEACFD52B832D8A009F0191 /* MenuViewController.swift */; };
		0AEACFD92B832D8A009F0191 /* MenuView.swift in Sources */ = {isa = PBXBuildFile; fileRef = 0AEACFD72B832D8A009F0191 /* MenuView.swift */; };
		0AEACFE12B832DD0009F0191 /* PaymentViewController.swift in Sources */ = {isa = PBXBuildFile; fileRef = 0AEACFDC2B832DD0009F0191 /* PaymentViewController.swift */; };
		0AEACFE22B832DD0009F0191 /* PaymentModel.swift in Sources */ = {isa = PBXBuildFile; fileRef = 0AEACFDE2B832DD0009F0191 /* PaymentModel.swift */; };
		0AEACFE32B832DD0009F0191 /* PaymentView.swift in Sources */ = {isa = PBXBuildFile; fileRef = 0AEACFE02B832DD0009F0191 /* PaymentView.swift */; };
		0AEACFEB2B832DEB009F0191 /* PaymentCompleteViewController.swift in Sources */ = {isa = PBXBuildFile; fileRef = 0AEACFE62B832DEB009F0191 /* PaymentCompleteViewController.swift */; };
		0AEACFEC2B832DEB009F0191 /* PaymentCompleteModel.swift in Sources */ = {isa = PBXBuildFile; fileRef = 0AEACFE82B832DEB009F0191 /* PaymentCompleteModel.swift */; };
		0AEACFED2B832DEB009F0191 /* PaymentCompleteView.swift in Sources */ = {isa = PBXBuildFile; fileRef = 0AEACFEA2B832DEB009F0191 /* PaymentCompleteView.swift */; };
		0AEACFEF2B832E50009F0191 /* UIFont+Extension.swift in Sources */ = {isa = PBXBuildFile; fileRef = 0AEACFEE2B832E50009F0191 /* UIFont+Extension.swift */; };
		0AEACFF12B832E8D009F0191 /* UIView+Extension.swift in Sources */ = {isa = PBXBuildFile; fileRef = 0AEACFF02B832E8D009F0191 /* UIView+Extension.swift */; };
/* End PBXBuildFile section */

/* Begin PBXFileReference section */
		0137AFC52B773DF10050C230 /* UIKitDZ.app */ = {isa = PBXFileReference; explicitFileType = wrapper.application; includeInIndex = 0; path = UIKitDZ.app; sourceTree = BUILT_PRODUCTS_DIR; };
		0137AFC82B773DF10050C230 /* AppDelegate.swift */ = {isa = PBXFileReference; lastKnownFileType = sourcecode.swift; path = AppDelegate.swift; sourceTree = "<group>"; };
		0137AFCA2B773DF10050C230 /* SceneDelegate.swift */ = {isa = PBXFileReference; lastKnownFileType = sourcecode.swift; path = SceneDelegate.swift; sourceTree = "<group>"; };
		0137AFD12B773DF20050C230 /* Assets.xcassets */ = {isa = PBXFileReference; lastKnownFileType = folder.assetcatalog; path = Assets.xcassets; sourceTree = "<group>"; };
		0137AFD42B773DF20050C230 /* Base */ = {isa = PBXFileReference; lastKnownFileType = file.storyboard; name = Base; path = Base.lproj/LaunchScreen.storyboard; sourceTree = "<group>"; };
		0137AFD62B773DF20050C230 /* Info.plist */ = {isa = PBXFileReference; lastKnownFileType = text.plist.xml; path = Info.plist; sourceTree = "<group>"; };
		017225252B7A4FC200C9DF7C /* UIColor+Extension.swift */ = {isa = PBXFileReference; lastKnownFileType = sourcecode.swift; path = "UIColor+Extension.swift"; sourceTree = "<group>"; };
		0172253D2B7A637100C9DF7C /* CoffeeModel.swift */ = {isa = PBXFileReference; lastKnownFileType = sourcecode.swift; path = CoffeeModel.swift; sourceTree = "<group>"; };
		017225432B7A649300C9DF7C /* RoastingDetailModel.swift */ = {isa = PBXFileReference; lastKnownFileType = sourcecode.swift; path = RoastingDetailModel.swift; sourceTree = "<group>"; };
		017225492B7A657A00C9DF7C /* AddIngredientsModel.swift */ = {isa = PBXFileReference; lastKnownFileType = sourcecode.swift; path = AddIngredientsModel.swift; sourceTree = "<group>"; };
		0172254F2B7A6AF600C9DF7C /* OrderModel.swift */ = {isa = PBXFileReference; lastKnownFileType = sourcecode.swift; path = OrderModel.swift; sourceTree = "<group>"; };
		017225612B7A86CC00C9DF7C /* CoffeeView.swift */ = {isa = PBXFileReference; lastKnownFileType = sourcecode.swift; path = CoffeeView.swift; sourceTree = "<group>"; };
		017225632B7A86EA00C9DF7C /* RoastingDetailView.swift */ = {isa = PBXFileReference; lastKnownFileType = sourcecode.swift; path = RoastingDetailView.swift; sourceTree = "<group>"; };
		017225652B7A870D00C9DF7C /* AddIngredientsView.swift */ = {isa = PBXFileReference; lastKnownFileType = sourcecode.swift; path = AddIngredientsView.swift; sourceTree = "<group>"; };
		017225672B7A872300C9DF7C /* OrderView.swift */ = {isa = PBXFileReference; lastKnownFileType = sourcecode.swift; path = OrderView.swift; sourceTree = "<group>"; };
		0172256F2B7A8A2F00C9DF7C /* CoffeeViewController.swift */ = {isa = PBXFileReference; lastKnownFileType = sourcecode.swift; path = CoffeeViewController.swift; sourceTree = "<group>"; };
		017225712B7A8A6200C9DF7C /* RoastingDetailViewController.swift */ = {isa = PBXFileReference; lastKnownFileType = sourcecode.swift; path = RoastingDetailViewController.swift; sourceTree = "<group>"; };
		017225732B7A8A8B00C9DF7C /* AddIngredientsViewController.swift */ = {isa = PBXFileReference; lastKnownFileType = sourcecode.swift; path = AddIngredientsViewController.swift; sourceTree = "<group>"; };
		017225752B7A8AA100C9DF7C /* OrderViewController.swift */ = {isa = PBXFileReference; lastKnownFileType = sourcecode.swift; path = OrderViewController.swift; sourceTree = "<group>"; };
		0AEACFCC2B832D74009F0191 /* AuthViewController.swift */ = {isa = PBXFileReference; fileEncoding = 4; lastKnownFileType = sourcecode.swift; path = AuthViewController.swift; sourceTree = "<group>"; };
		0AEACFCE2B832D74009F0191 /* MintColorBottomButton.swift */ = {isa = PBXFileReference; fileEncoding = 4; lastKnownFileType = sourcecode.swift; path = MintColorBottomButton.swift; sourceTree = "<group>"; };
		0AEACFCF2B832D74009F0191 /* BrownBackgroundView.swift */ = {isa = PBXFileReference; fileEncoding = 4; lastKnownFileType = sourcecode.swift; path = BrownBackgroundView.swift; sourceTree = "<group>"; };
		0AEACFD52B832D8A009F0191 /* MenuViewController.swift */ = {isa = PBXFileReference; fileEncoding = 4; lastKnownFileType = sourcecode.swift; path = MenuViewController.swift; sourceTree = "<group>"; };
		0AEACFD72B832D8A009F0191 /* MenuView.swift */ = {isa = PBXFileReference; fileEncoding = 4; lastKnownFileType = sourcecode.swift; path = MenuView.swift; sourceTree = "<group>"; };
		0AEACFDC2B832DD0009F0191 /* PaymentViewController.swift */ = {isa = PBXFileReference; fileEncoding = 4; lastKnownFileType = sourcecode.swift; path = PaymentViewController.swift; sourceTree = "<group>"; };
		0AEACFDE2B832DD0009F0191 /* PaymentModel.swift */ = {isa = PBXFileReference; fileEncoding = 4; lastKnownFileType = sourcecode.swift; path = PaymentModel.swift; sourceTree = "<group>"; };
		0AEACFE02B832DD0009F0191 /* PaymentView.swift */ = {isa = PBXFileReference; fileEncoding = 4; lastKnownFileType = sourcecode.swift; path = PaymentView.swift; sourceTree = "<group>"; };
		0AEACFE62B832DEB009F0191 /* PaymentCompleteViewController.swift */ = {isa = PBXFileReference; fileEncoding = 4; lastKnownFileType = sourcecode.swift; path = PaymentCompleteViewController.swift; sourceTree = "<group>"; };
		0AEACFE82B832DEB009F0191 /* PaymentCompleteModel.swift */ = {isa = PBXFileReference; fileEncoding = 4; lastKnownFileType = sourcecode.swift; path = PaymentCompleteModel.swift; sourceTree = "<group>"; };
		0AEACFEA2B832DEB009F0191 /* PaymentCompleteView.swift */ = {isa = PBXFileReference; fileEncoding = 4; lastKnownFileType = sourcecode.swift; path = PaymentCompleteView.swift; sourceTree = "<group>"; };
		0AEACFEE2B832E50009F0191 /* UIFont+Extension.swift */ = {isa = PBXFileReference; fileEncoding = 4; lastKnownFileType = sourcecode.swift; path = "UIFont+Extension.swift"; sourceTree = "<group>"; };
		0AEACFF02B832E8D009F0191 /* UIView+Extension.swift */ = {isa = PBXFileReference; fileEncoding = 4; lastKnownFileType = sourcecode.swift; path = "UIView+Extension.swift"; sourceTree = "<group>"; };
/* End PBXFileReference section */

/* Begin PBXFrameworksBuildPhase section */
		0137AFC22B773DF10050C230 /* Frameworks */ = {
			isa = PBXFrameworksBuildPhase;
			buildActionMask = 2147483647;
			files = (
			);
			runOnlyForDeploymentPostprocessing = 0;
		};
/* End PBXFrameworksBuildPhase section */

/* Begin PBXGroup section */
		0137AFBC2B773DF00050C230 = {
			isa = PBXGroup;
			children = (
				0137AFC72B773DF10050C230 /* UIKitDZ */,
				0137AFC62B773DF10050C230 /* Products */,
			);
			sourceTree = "<group>";
		};
		0137AFC62B773DF10050C230 /* Products */ = {
			isa = PBXGroup;
			children = (
				0137AFC52B773DF10050C230 /* UIKitDZ.app */,
			);
			name = Products;
			sourceTree = "<group>";
		};
		0137AFC72B773DF10050C230 /* UIKitDZ */ = {
			isa = PBXGroup;
			children = (
				0137B00B2B7A4B080050C230 /* Application */,
				0172252B2B7A505000C9DF7C /* Modules */,
				017225322B7A53FE00C9DF7C /* SupportingFiles */,
				017225242B7A4FA300C9DF7C /* Extensions */,
			);
			path = UIKitDZ;
			sourceTree = "<group>";
		};
		0137B00B2B7A4B080050C230 /* Application */ = {
			isa = PBXGroup;
			children = (
				0137AFC82B773DF10050C230 /* AppDelegate.swift */,
				0137AFCA2B773DF10050C230 /* SceneDelegate.swift */,
			);
			path = Application;
			sourceTree = "<group>";
		};
		017225242B7A4FA300C9DF7C /* Extensions */ = {
			isa = PBXGroup;
			children = (
				017225252B7A4FC200C9DF7C /* UIColor+Extension.swift */,
				0AEACFF02B832E8D009F0191 /* UIView+Extension.swift */,
				0AEACFEE2B832E50009F0191 /* UIFont+Extension.swift */,
			);
			path = Extensions;
			sourceTree = "<group>";
		};
		0172252B2B7A505000C9DF7C /* Modules */ = {
			isa = PBXGroup;
			children = (
				0AEACFCA2B832D74009F0191 /* AuthModule */,
				0AEACFD32B832D8A009F0191 /* MenuModule */,
				017225392B7A622000C9DF7C /* CoffeeModule */,
				0172253F2B7A63E700C9DF7C /* RoastingDetailModule */,
				017225452B7A651F00C9DF7C /* AddIngredientsModule */,
				0172254B2B7A65F400C9DF7C /* OrderModule */,
				0AEACFDA2B832DD0009F0191 /* PaymentModule */,
				0AEACFE42B832DEB009F0191 /* PaymentCompleteModule */,
			);
			path = Modules;
			sourceTree = "<group>";
		};
		017225322B7A53FE00C9DF7C /* SupportingFiles */ = {
			isa = PBXGroup;
			children = (
				0137AFD12B773DF20050C230 /* Assets.xcassets */,
				0137AFD32B773DF20050C230 /* LaunchScreen.storyboard */,
				0137AFD62B773DF20050C230 /* Info.plist */,
			);
			path = SupportingFiles;
			sourceTree = "<group>";
		};
		017225392B7A622000C9DF7C /* CoffeeModule */ = {
			isa = PBXGroup;
			children = (
				0172253A2B7A633700C9DF7C /* Model */,
				0172253B2B7A634400C9DF7C /* View */,
				0172253C2B7A635200C9DF7C /* Controller */,
			);
			path = CoffeeModule;
			sourceTree = "<group>";
		};
		0172253A2B7A633700C9DF7C /* Model */ = {
			isa = PBXGroup;
			children = (
				0172253D2B7A637100C9DF7C /* CoffeeModel.swift */,
			);
			path = Model;
			sourceTree = "<group>";
		};
		0172253B2B7A634400C9DF7C /* View */ = {
			isa = PBXGroup;
			children = (
				017225612B7A86CC00C9DF7C /* CoffeeView.swift */,
			);
			path = View;
			sourceTree = "<group>";
		};
		0172253C2B7A635200C9DF7C /* Controller */ = {
			isa = PBXGroup;
			children = (
				0172256F2B7A8A2F00C9DF7C /* CoffeeViewController.swift */,
			);
			path = Controller;
			sourceTree = "<group>";
		};
		0172253F2B7A63E700C9DF7C /* RoastingDetailModule */ = {
			isa = PBXGroup;
			children = (
				017225402B7A646300C9DF7C /* Model */,
				017225412B7A646F00C9DF7C /* View */,
				017225422B7A647800C9DF7C /* Controller */,
			);
			path = RoastingDetailModule;
			sourceTree = "<group>";
		};
		017225402B7A646300C9DF7C /* Model */ = {
			isa = PBXGroup;
			children = (
				017225432B7A649300C9DF7C /* RoastingDetailModel.swift */,
			);
			path = Model;
			sourceTree = "<group>";
		};
		017225412B7A646F00C9DF7C /* View */ = {
			isa = PBXGroup;
			children = (
				017225632B7A86EA00C9DF7C /* RoastingDetailView.swift */,
			);
			path = View;
			sourceTree = "<group>";
		};
		017225422B7A647800C9DF7C /* Controller */ = {
			isa = PBXGroup;
			children = (
				017225712B7A8A6200C9DF7C /* RoastingDetailViewController.swift */,
			);
			path = Controller;
			sourceTree = "<group>";
		};
		017225452B7A651F00C9DF7C /* AddIngredientsModule */ = {
			isa = PBXGroup;
			children = (
				017225482B7A656000C9DF7C /* Model */,
				017225472B7A655400C9DF7C /* View */,
				017225462B7A653D00C9DF7C /* Controller */,
			);
			path = AddIngredientsModule;
			sourceTree = "<group>";
		};
		017225462B7A653D00C9DF7C /* Controller */ = {
			isa = PBXGroup;
			children = (
				017225732B7A8A8B00C9DF7C /* AddIngredientsViewController.swift */,
			);
			path = Controller;
			sourceTree = "<group>";
		};
		017225472B7A655400C9DF7C /* View */ = {
			isa = PBXGroup;
			children = (
				017225652B7A870D00C9DF7C /* AddIngredientsView.swift */,
			);
			path = View;
			sourceTree = "<group>";
		};
		017225482B7A656000C9DF7C /* Model */ = {
			isa = PBXGroup;
			children = (
				017225492B7A657A00C9DF7C /* AddIngredientsModel.swift */,
			);
			path = Model;
			sourceTree = "<group>";
		};
		0172254B2B7A65F400C9DF7C /* OrderModule */ = {
			isa = PBXGroup;
			children = (
				0172254C2B7A660300C9DF7C /* Model */,
				0172254D2B7A660C00C9DF7C /* View */,
				0172254E2B7A661300C9DF7C /* Controller */,
			);
			path = OrderModule;
			sourceTree = "<group>";
		};
		0172254C2B7A660300C9DF7C /* Model */ = {
			isa = PBXGroup;
			children = (
				0172254F2B7A6AF600C9DF7C /* OrderModel.swift */,
			);
			path = Model;
			sourceTree = "<group>";
		};
		0172254D2B7A660C00C9DF7C /* View */ = {
			isa = PBXGroup;
			children = (
				017225672B7A872300C9DF7C /* OrderView.swift */,
			);
			path = View;
			sourceTree = "<group>";
		};
		0172254E2B7A661300C9DF7C /* Controller */ = {
			isa = PBXGroup;
			children = (
				017225752B7A8AA100C9DF7C /* OrderViewController.swift */,
			);
			path = Controller;
			sourceTree = "<group>";
		};
		0AEACFCA2B832D74009F0191 /* AuthModule */ = {
			isa = PBXGroup;
			children = (
				0AEACFCB2B832D74009F0191 /* Controller */,
				0AEACFCD2B832D74009F0191 /* View */,
			);
			path = AuthModule;
			sourceTree = "<group>";
		};
		0AEACFCB2B832D74009F0191 /* Controller */ = {
			isa = PBXGroup;
			children = (
				0AEACFCC2B832D74009F0191 /* AuthViewController.swift */,
			);
			path = Controller;
			sourceTree = "<group>";
		};
		0AEACFCD2B832D74009F0191 /* View */ = {
			isa = PBXGroup;
			children = (
				0AEACFCE2B832D74009F0191 /* MintColorBottomButton.swift */,
				0AEACFCF2B832D74009F0191 /* BrownBackgroundView.swift */,
			);
			path = View;
			sourceTree = "<group>";
		};
		0AEACFD32B832D8A009F0191 /* MenuModule */ = {
			isa = PBXGroup;
			children = (
				0AEACFD42B832D8A009F0191 /* Controller */,
				0AEACFD62B832D8A009F0191 /* View */,
			);
			path = MenuModule;
			sourceTree = "<group>";
		};
		0AEACFD42B832D8A009F0191 /* Controller */ = {
			isa = PBXGroup;
			children = (
				0AEACFD52B832D8A009F0191 /* MenuViewController.swift */,
			);
			path = Controller;
			sourceTree = "<group>";
		};
		0AEACFD62B832D8A009F0191 /* View */ = {
			isa = PBXGroup;
			children = (
				0AEACFD72B832D8A009F0191 /* MenuView.swift */,
			);
			path = View;
			sourceTree = "<group>";
		};
		0AEACFDA2B832DD0009F0191 /* PaymentModule */ = {
			isa = PBXGroup;
			children = (
				0AEACFDB2B832DD0009F0191 /* Controller */,
				0AEACFDD2B832DD0009F0191 /* Model */,
				0AEACFDF2B832DD0009F0191 /* View */,
			);
			path = PaymentModule;
			sourceTree = "<group>";
		};
		0AEACFDB2B832DD0009F0191 /* Controller */ = {
			isa = PBXGroup;
			children = (
				0AEACFDC2B832DD0009F0191 /* PaymentViewController.swift */,
			);
			path = Controller;
			sourceTree = "<group>";
		};
		0AEACFDD2B832DD0009F0191 /* Model */ = {
			isa = PBXGroup;
			children = (
				0AEACFDE2B832DD0009F0191 /* PaymentModel.swift */,
			);
			path = Model;
			sourceTree = "<group>";
		};
		0AEACFDF2B832DD0009F0191 /* View */ = {
			isa = PBXGroup;
			children = (
				0AEACFE02B832DD0009F0191 /* PaymentView.swift */,
			);
			path = View;
			sourceTree = "<group>";
		};
		0AEACFE42B832DEB009F0191 /* PaymentCompleteModule */ = {
			isa = PBXGroup;
			children = (
				0AEACFE52B832DEB009F0191 /* Controller */,
				0AEACFE72B832DEB009F0191 /* Model */,
				0AEACFE92B832DEB009F0191 /* View */,
			);
			path = PaymentCompleteModule;
			sourceTree = "<group>";
		};
		0AEACFE52B832DEB009F0191 /* Controller */ = {
			isa = PBXGroup;
			children = (
				0AEACFE62B832DEB009F0191 /* PaymentCompleteViewController.swift */,
			);
			path = Controller;
			sourceTree = "<group>";
		};
		0AEACFE72B832DEB009F0191 /* Model */ = {
			isa = PBXGroup;
			children = (
				0AEACFE82B832DEB009F0191 /* PaymentCompleteModel.swift */,
			);
			path = Model;
			sourceTree = "<group>";
		};
		0AEACFE92B832DEB009F0191 /* View */ = {
			isa = PBXGroup;
			children = (
				0AEACFEA2B832DEB009F0191 /* PaymentCompleteView.swift */,
			);
			path = View;
			sourceTree = "<group>";
		};
/* End PBXGroup section */

/* Begin PBXNativeTarget section */
		0137AFC42B773DF10050C230 /* UIKitDZ */ = {
			isa = PBXNativeTarget;
			buildConfigurationList = 0137AFD92B773DF20050C230 /* Build configuration list for PBXNativeTarget "UIKitDZ" */;
			buildPhases = (
				0137AFDC2B77423D0050C230 /* Swift Lint */,
				0137AFC12B773DF10050C230 /* Sources */,
				0137AFC22B773DF10050C230 /* Frameworks */,
				0137AFC32B773DF10050C230 /* Resources */,
				0137AFDD2B7742670050C230 /* Swift Format */,
			);
			buildRules = (
			);
			dependencies = (
			);
			name = UIKitDZ;
			productName = UIKitDZ;
			productReference = 0137AFC52B773DF10050C230 /* UIKitDZ.app */;
			productType = "com.apple.product-type.application";
		};
/* End PBXNativeTarget section */

/* Begin PBXProject section */
		0137AFBD2B773DF10050C230 /* Project object */ = {
			isa = PBXProject;
			attributes = {
				BuildIndependentTargetsInParallel = 1;
				LastSwiftUpdateCheck = 1520;
				LastUpgradeCheck = 1520;
				TargetAttributes = {
					0137AFC42B773DF10050C230 = {
						CreatedOnToolsVersion = 15.2;
					};
				};
			};
			buildConfigurationList = 0137AFC02B773DF10050C230 /* Build configuration list for PBXProject "UIKitDZ" */;
			compatibilityVersion = "Xcode 14.0";
			developmentRegion = en;
			hasScannedForEncodings = 0;
			knownRegions = (
				en,
				Base,
			);
			mainGroup = 0137AFBC2B773DF00050C230;
			productRefGroup = 0137AFC62B773DF10050C230 /* Products */;
			projectDirPath = "";
			projectRoot = "";
			targets = (
				0137AFC42B773DF10050C230 /* UIKitDZ */,
			);
		};
/* End PBXProject section */

/* Begin PBXResourcesBuildPhase section */
		0137AFC32B773DF10050C230 /* Resources */ = {
			isa = PBXResourcesBuildPhase;
			buildActionMask = 2147483647;
			files = (
				0137AFD52B773DF20050C230 /* LaunchScreen.storyboard in Resources */,
				0137AFD22B773DF20050C230 /* Assets.xcassets in Resources */,
			);
			runOnlyForDeploymentPostprocessing = 0;
		};
/* End PBXResourcesBuildPhase section */

/* Begin PBXShellScriptBuildPhase section */
		0137AFDC2B77423D0050C230 /* Swift Lint */ = {
			isa = PBXShellScriptBuildPhase;
			alwaysOutOfDate = 1;
			buildActionMask = 2147483647;
			files = (
			);
			inputFileListPaths = (
			);
			inputPaths = (
			);
			name = "Swift Lint";
			outputFileListPaths = (
			);
			outputPaths = (
			);
			runOnlyForDeploymentPostprocessing = 0;
			shellPath = /bin/sh;
			shellScript = "if [[ \"$(uname -m)\" == arm64 ]]; then\n    export PATH=\"/opt/homebrew/bin:$PATH\"\nfi\n\nif which swiftlint > /dev/null; then\n  swiftlint\nelse\n  echo \"warning: SwiftLint not installed, download from https://github.com/realm/SwiftLint\"\nfi\n";
			showEnvVarsInLog = 0;
		};
		0137AFDD2B7742670050C230 /* Swift Format */ = {
			isa = PBXShellScriptBuildPhase;
			alwaysOutOfDate = 1;
			buildActionMask = 2147483647;
			files = (
			);
			inputFileListPaths = (
			);
			inputPaths = (
			);
			name = "Swift Format";
			outputFileListPaths = (
			);
			outputPaths = (
			);
			runOnlyForDeploymentPostprocessing = 0;
			shellPath = /bin/sh;
			shellScript = "if [[ \"$(uname -m)\" == arm64 ]]; then\n    export PATH=\"/opt/homebrew/bin:$PATH\"\nfi\n\nif which swiftformat >/dev/null; then\n  swiftformat .\nelse\n  echo \"warning: SwiftFormat not installed, download from https://github.com/nicklockwood/SwiftFormat\"\nfi\n";
			showEnvVarsInLog = 0;
		};
/* End PBXShellScriptBuildPhase section */

/* Begin PBXSourcesBuildPhase section */
		0137AFC12B773DF10050C230 /* Sources */ = {
			isa = PBXSourcesBuildPhase;
			buildActionMask = 2147483647;
			files = (
				017225742B7A8A8B00C9DF7C /* AddIngredientsViewController.swift in Sources */,
				0AEACFEB2B832DEB009F0191 /* PaymentCompleteViewController.swift in Sources */,
				017225642B7A86EA00C9DF7C /* RoastingDetailView.swift in Sources */,
				017225702B7A8A2F00C9DF7C /* CoffeeViewController.swift in Sources */,
				0AEACFED2B832DEB009F0191 /* PaymentCompleteView.swift in Sources */,
				017225442B7A649300C9DF7C /* RoastingDetailModel.swift in Sources */,
				0AEACFD82B832D8A009F0191 /* MenuViewController.swift in Sources */,
				0172254A2B7A657A00C9DF7C /* AddIngredientsModel.swift in Sources */,
				017225502B7A6AF600C9DF7C /* OrderModel.swift in Sources */,
				017225682B7A872300C9DF7C /* OrderView.swift in Sources */,
				0AEACFD22B832D74009F0191 /* BrownBackgroundView.swift in Sources */,
				017225622B7A86CC00C9DF7C /* CoffeeView.swift in Sources */,
				017225662B7A870D00C9DF7C /* AddIngredientsView.swift in Sources */,
				0AEACFD12B832D74009F0191 /* MintColorBottomButton.swift in Sources */,
				0AEACFEF2B832E50009F0191 /* UIFont+Extension.swift in Sources */,
				0AEACFE32B832DD0009F0191 /* PaymentView.swift in Sources */,
				0172253E2B7A637100C9DF7C /* CoffeeModel.swift in Sources */,
				0AEACFD02B832D74009F0191 /* AuthViewController.swift in Sources */,
				017225722B7A8A6200C9DF7C /* RoastingDetailViewController.swift in Sources */,
				0137AFC92B773DF10050C230 /* AppDelegate.swift in Sources */,
				0AEACFE12B832DD0009F0191 /* PaymentViewController.swift in Sources */,
				0AEACFD92B832D8A009F0191 /* MenuView.swift in Sources */,
				0AEACFF12B832E8D009F0191 /* UIView+Extension.swift in Sources */,
				0AEACFEC2B832DEB009F0191 /* PaymentCompleteModel.swift in Sources */,
				0AEACFE22B832DD0009F0191 /* PaymentModel.swift in Sources */,
				0137AFCB2B773DF10050C230 /* SceneDelegate.swift in Sources */,
				017225262B7A4FC200C9DF7C /* UIColor+Extension.swift in Sources */,
				017225762B7A8AA100C9DF7C /* OrderViewController.swift in Sources */,
			);
			runOnlyForDeploymentPostprocessing = 0;
		};
/* End PBXSourcesBuildPhase section */

/* Begin PBXVariantGroup section */
		0137AFD32B773DF20050C230 /* LaunchScreen.storyboard */ = {
			isa = PBXVariantGroup;
			children = (
				0137AFD42B773DF20050C230 /* Base */,
			);
			name = LaunchScreen.storyboard;
			sourceTree = "<group>";
		};
/* End PBXVariantGroup section */

/* Begin XCBuildConfiguration section */
		0137AFD72B773DF20050C230 /* Debug */ = {
			isa = XCBuildConfiguration;
			buildSettings = {
				ALWAYS_SEARCH_USER_PATHS = NO;
				ASSETCATALOG_COMPILER_GENERATE_SWIFT_ASSET_SYMBOL_EXTENSIONS = YES;
				CLANG_ANALYZER_NONNULL = YES;
				CLANG_ANALYZER_NUMBER_OBJECT_CONVERSION = YES_AGGRESSIVE;
				CLANG_CXX_LANGUAGE_STANDARD = "gnu++20";
				CLANG_ENABLE_MODULES = YES;
				CLANG_ENABLE_OBJC_ARC = YES;
				CLANG_ENABLE_OBJC_WEAK = YES;
				CLANG_WARN_BLOCK_CAPTURE_AUTORELEASING = YES;
				CLANG_WARN_BOOL_CONVERSION = YES;
				CLANG_WARN_COMMA = YES;
				CLANG_WARN_CONSTANT_CONVERSION = YES;
				CLANG_WARN_DEPRECATED_OBJC_IMPLEMENTATIONS = YES;
				CLANG_WARN_DIRECT_OBJC_ISA_USAGE = YES_ERROR;
				CLANG_WARN_DOCUMENTATION_COMMENTS = YES;
				CLANG_WARN_EMPTY_BODY = YES;
				CLANG_WARN_ENUM_CONVERSION = YES;
				CLANG_WARN_INFINITE_RECURSION = YES;
				CLANG_WARN_INT_CONVERSION = YES;
				CLANG_WARN_NON_LITERAL_NULL_CONVERSION = YES;
				CLANG_WARN_OBJC_IMPLICIT_RETAIN_SELF = YES;
				CLANG_WARN_OBJC_LITERAL_CONVERSION = YES;
				CLANG_WARN_OBJC_ROOT_CLASS = YES_ERROR;
				CLANG_WARN_QUOTED_INCLUDE_IN_FRAMEWORK_HEADER = YES;
				CLANG_WARN_RANGE_LOOP_ANALYSIS = YES;
				CLANG_WARN_STRICT_PROTOTYPES = YES;
				CLANG_WARN_SUSPICIOUS_MOVE = YES;
				CLANG_WARN_UNGUARDED_AVAILABILITY = YES_AGGRESSIVE;
				CLANG_WARN_UNREACHABLE_CODE = YES;
				CLANG_WARN__DUPLICATE_METHOD_MATCH = YES;
				COPY_PHASE_STRIP = NO;
				DEBUG_INFORMATION_FORMAT = dwarf;
				ENABLE_STRICT_OBJC_MSGSEND = YES;
				ENABLE_TESTABILITY = YES;
				ENABLE_USER_SCRIPT_SANDBOXING = YES;
				GCC_C_LANGUAGE_STANDARD = gnu17;
				GCC_DYNAMIC_NO_PIC = NO;
				GCC_NO_COMMON_BLOCKS = YES;
				GCC_OPTIMIZATION_LEVEL = 0;
				GCC_PREPROCESSOR_DEFINITIONS = (
					"DEBUG=1",
					"$(inherited)",
				);
				GCC_WARN_64_TO_32_BIT_CONVERSION = YES;
				GCC_WARN_ABOUT_RETURN_TYPE = YES_ERROR;
				GCC_WARN_UNDECLARED_SELECTOR = YES;
				GCC_WARN_UNINITIALIZED_AUTOS = YES_AGGRESSIVE;
				GCC_WARN_UNUSED_FUNCTION = YES;
				GCC_WARN_UNUSED_VARIABLE = YES;
				IPHONEOS_DEPLOYMENT_TARGET = 17.2;
				LOCALIZATION_PREFERS_STRING_CATALOGS = YES;
				MTL_ENABLE_DEBUG_INFO = INCLUDE_SOURCE;
				MTL_FAST_MATH = YES;
				ONLY_ACTIVE_ARCH = YES;
				SDKROOT = iphoneos;
				SWIFT_ACTIVE_COMPILATION_CONDITIONS = "DEBUG $(inherited)";
				SWIFT_OPTIMIZATION_LEVEL = "-Onone";
			};
			name = Debug;
		};
		0137AFD82B773DF20050C230 /* Release */ = {
			isa = XCBuildConfiguration;
			buildSettings = {
				ALWAYS_SEARCH_USER_PATHS = NO;
				ASSETCATALOG_COMPILER_GENERATE_SWIFT_ASSET_SYMBOL_EXTENSIONS = YES;
				CLANG_ANALYZER_NONNULL = YES;
				CLANG_ANALYZER_NUMBER_OBJECT_CONVERSION = YES_AGGRESSIVE;
				CLANG_CXX_LANGUAGE_STANDARD = "gnu++20";
				CLANG_ENABLE_MODULES = YES;
				CLANG_ENABLE_OBJC_ARC = YES;
				CLANG_ENABLE_OBJC_WEAK = YES;
				CLANG_WARN_BLOCK_CAPTURE_AUTORELEASING = YES;
				CLANG_WARN_BOOL_CONVERSION = YES;
				CLANG_WARN_COMMA = YES;
				CLANG_WARN_CONSTANT_CONVERSION = YES;
				CLANG_WARN_DEPRECATED_OBJC_IMPLEMENTATIONS = YES;
				CLANG_WARN_DIRECT_OBJC_ISA_USAGE = YES_ERROR;
				CLANG_WARN_DOCUMENTATION_COMMENTS = YES;
				CLANG_WARN_EMPTY_BODY = YES;
				CLANG_WARN_ENUM_CONVERSION = YES;
				CLANG_WARN_INFINITE_RECURSION = YES;
				CLANG_WARN_INT_CONVERSION = YES;
				CLANG_WARN_NON_LITERAL_NULL_CONVERSION = YES;
				CLANG_WARN_OBJC_IMPLICIT_RETAIN_SELF = YES;
				CLANG_WARN_OBJC_LITERAL_CONVERSION = YES;
				CLANG_WARN_OBJC_ROOT_CLASS = YES_ERROR;
				CLANG_WARN_QUOTED_INCLUDE_IN_FRAMEWORK_HEADER = YES;
				CLANG_WARN_RANGE_LOOP_ANALYSIS = YES;
				CLANG_WARN_STRICT_PROTOTYPES = YES;
				CLANG_WARN_SUSPICIOUS_MOVE = YES;
				CLANG_WARN_UNGUARDED_AVAILABILITY = YES_AGGRESSIVE;
				CLANG_WARN_UNREACHABLE_CODE = YES;
				CLANG_WARN__DUPLICATE_METHOD_MATCH = YES;
				COPY_PHASE_STRIP = NO;
				DEBUG_INFORMATION_FORMAT = "dwarf-with-dsym";
				ENABLE_NS_ASSERTIONS = NO;
				ENABLE_STRICT_OBJC_MSGSEND = YES;
				ENABLE_USER_SCRIPT_SANDBOXING = YES;
				GCC_C_LANGUAGE_STANDARD = gnu17;
				GCC_NO_COMMON_BLOCKS = YES;
				GCC_WARN_64_TO_32_BIT_CONVERSION = YES;
				GCC_WARN_ABOUT_RETURN_TYPE = YES_ERROR;
				GCC_WARN_UNDECLARED_SELECTOR = YES;
				GCC_WARN_UNINITIALIZED_AUTOS = YES_AGGRESSIVE;
				GCC_WARN_UNUSED_FUNCTION = YES;
				GCC_WARN_UNUSED_VARIABLE = YES;
				IPHONEOS_DEPLOYMENT_TARGET = 17.2;
				LOCALIZATION_PREFERS_STRING_CATALOGS = YES;
				MTL_ENABLE_DEBUG_INFO = NO;
				MTL_FAST_MATH = YES;
				SDKROOT = iphoneos;
				SWIFT_COMPILATION_MODE = wholemodule;
				VALIDATE_PRODUCT = YES;
			};
			name = Release;
		};
		0137AFDA2B773DF20050C230 /* Debug */ = {
			isa = XCBuildConfiguration;
			buildSettings = {
				ASSETCATALOG_COMPILER_APPICON_NAME = AppIcon;
				ASSETCATALOG_COMPILER_GLOBAL_ACCENT_COLOR_NAME = AccentColor;
				CODE_SIGN_STYLE = Automatic;
				CURRENT_PROJECT_VERSION = 1;
				DEVELOPMENT_TEAM = 7WN4BA2YG3;
				ENABLE_USER_SCRIPT_SANDBOXING = NO;
				GENERATE_INFOPLIST_FILE = YES;
				INFOPLIST_FILE = UIKitDZ/SupportingFiles/Info.plist;
				INFOPLIST_KEY_UIApplicationSupportsIndirectInputEvents = YES;
				INFOPLIST_KEY_UILaunchStoryboardName = LaunchScreen;
				INFOPLIST_KEY_UISupportedInterfaceOrientations = UIInterfaceOrientationPortrait;
				INFOPLIST_KEY_UISupportedInterfaceOrientations_iPad = "UIInterfaceOrientationLandscapeLeft UIInterfaceOrientationLandscapeRight UIInterfaceOrientationPortrait UIInterfaceOrientationPortraitUpsideDown";
				IPHONEOS_DEPLOYMENT_TARGET = 15.0;
				LD_RUNPATH_SEARCH_PATHS = (
					"$(inherited)",
					"@executable_path/Frameworks",
				);
				MARKETING_VERSION = 1.0;
				PRODUCT_BUNDLE_IDENTIFIER = com.UIKitDZZ;
				PRODUCT_NAME = "$(TARGET_NAME)";
				SUPPORTED_PLATFORMS = "iphoneos iphonesimulator";
				SUPPORTS_MACCATALYST = NO;
				SUPPORTS_MAC_DESIGNED_FOR_IPHONE_IPAD = NO;
				SWIFT_EMIT_LOC_STRINGS = YES;
				SWIFT_VERSION = 5.0;
				TARGETED_DEVICE_FAMILY = 1;
			};
			name = Debug;
		};
		0137AFDB2B773DF20050C230 /* Release */ = {
			isa = XCBuildConfiguration;
			buildSettings = {
				ASSETCATALOG_COMPILER_APPICON_NAME = AppIcon;
				ASSETCATALOG_COMPILER_GLOBAL_ACCENT_COLOR_NAME = AccentColor;
				CODE_SIGN_STYLE = Automatic;
				CURRENT_PROJECT_VERSION = 1;
				DEVELOPMENT_TEAM = 7WN4BA2YG3;
				ENABLE_USER_SCRIPT_SANDBOXING = NO;
				GENERATE_INFOPLIST_FILE = YES;
				INFOPLIST_FILE = UIKitDZ/SupportingFiles/Info.plist;
				INFOPLIST_KEY_UIApplicationSupportsIndirectInputEvents = YES;
				INFOPLIST_KEY_UILaunchStoryboardName = LaunchScreen;
				INFOPLIST_KEY_UISupportedInterfaceOrientations = UIInterfaceOrientationPortrait;
				INFOPLIST_KEY_UISupportedInterfaceOrientations_iPad = "UIInterfaceOrientationLandscapeLeft UIInterfaceOrientationLandscapeRight UIInterfaceOrientationPortrait UIInterfaceOrientationPortraitUpsideDown";
				IPHONEOS_DEPLOYMENT_TARGET = 15.0;
				LD_RUNPATH_SEARCH_PATHS = (
					"$(inherited)",
					"@executable_path/Frameworks",
				);
				MARKETING_VERSION = 1.0;
				PRODUCT_BUNDLE_IDENTIFIER = com.UIKitDZZ;
				PRODUCT_NAME = "$(TARGET_NAME)";
				SUPPORTED_PLATFORMS = "iphoneos iphonesimulator";
				SUPPORTS_MACCATALYST = NO;
				SUPPORTS_MAC_DESIGNED_FOR_IPHONE_IPAD = NO;
				SWIFT_EMIT_LOC_STRINGS = YES;
				SWIFT_VERSION = 5.0;
				TARGETED_DEVICE_FAMILY = 1;
			};
			name = Release;
		};
/* End XCBuildConfiguration section */

/* Begin XCConfigurationList section */
		0137AFC02B773DF10050C230 /* Build configuration list for PBXProject "UIKitDZ" */ = {
			isa = XCConfigurationList;
			buildConfigurations = (
				0137AFD72B773DF20050C230 /* Debug */,
				0137AFD82B773DF20050C230 /* Release */,
			);
			defaultConfigurationIsVisible = 0;
			defaultConfigurationName = Release;
		};
		0137AFD92B773DF20050C230 /* Build configuration list for PBXNativeTarget "UIKitDZ" */ = {
			isa = XCConfigurationList;
			buildConfigurations = (
				0137AFDA2B773DF20050C230 /* Debug */,
				0137AFDB2B773DF20050C230 /* Release */,
			);
			defaultConfigurationIsVisible = 0;
			defaultConfigurationName = Release;
		};
/* End XCConfigurationList section */
	};
	rootObject = 0137AFBD2B773DF10050C230 /* Project object */;
}
