// !$*UTF8*$!
{
	archiveVersion = 1;
	classes = {
	};
	objectVersion = 56;
	objects = {

/* Begin PBXBuildFile section */
		0124F9602B85C5A5008BCA1E /* StoryTableViewCell.swift in Sources */ = {isa = PBXBuildFile; fileRef = 0124F95F2B85C5A5008BCA1E /* StoryTableViewCell.swift */; };
		0124F9622B85C5B4008BCA1E /* PostsTableViewCell.swift in Sources */ = {isa = PBXBuildFile; fileRef = 0124F9612B85C5B4008BCA1E /* PostsTableViewCell.swift */; };
		0124F9642B85C8E0008BCA1E /* Story.swift in Sources */ = {isa = PBXBuildFile; fileRef = 0124F9632B85C8E0008BCA1E /* Story.swift */; };
		0124F9672B85D21F008BCA1E /* UIView+Extension.swift in Sources */ = {isa = PBXBuildFile; fileRef = 0124F9662B85D21F008BCA1E /* UIView+Extension.swift */; };
		0124F96A2B85D251008BCA1E /* PrepareForAutolayout.swift in Sources */ = {isa = PBXBuildFile; fileRef = 0124F9692B85D251008BCA1E /* PrepareForAutolayout.swift */; };
		0124F96C2B85EAD3008BCA1E /* Post.swift in Sources */ = {isa = PBXBuildFile; fileRef = 0124F96B2B85EAD3008BCA1E /* Post.swift */; };
		0124F96E2B85F741008BCA1E /* Colors.xcassets in Resources */ = {isa = PBXBuildFile; fileRef = 0124F96D2B85F741008BCA1E /* Colors.xcassets */; };
		0124F9722B8629CF008BCA1E /* RecomendationsTableViewCell.swift in Sources */ = {isa = PBXBuildFile; fileRef = 0124F9712B8629CF008BCA1E /* RecomendationsTableViewCell.swift */; };
		0124F9742B86382B008BCA1E /* Recomendation.swift in Sources */ = {isa = PBXBuildFile; fileRef = 0124F9732B86382B008BCA1E /* Recomendation.swift */; };
		0124F9762B876D6F008BCA1E /* Notification.swift in Sources */ = {isa = PBXBuildFile; fileRef = 0124F9752B876D6F008BCA1E /* Notification.swift */; };
		0124F9792B877211008BCA1E /* NotificationTableViewCell.swift in Sources */ = {isa = PBXBuildFile; fileRef = 0124F9782B877211008BCA1E /* NotificationTableViewCell.swift */; };
		0124F97B2B87976A008BCA1E /* NotificationData.swift in Sources */ = {isa = PBXBuildFile; fileRef = 0124F97A2B87976A008BCA1E /* NotificationData.swift */; };
		0124F97D2B87A14F008BCA1E /* NewsData.swift in Sources */ = {isa = PBXBuildFile; fileRef = 0124F97C2B87A14F008BCA1E /* NewsData.swift */; };
		0124F97F2B87B56D008BCA1E /* SpaceImage.swift in Sources */ = {isa = PBXBuildFile; fileRef = 0124F97E2B87B56D008BCA1E /* SpaceImage.swift */; };
		0124F9812B87B5F0008BCA1E /* UserPost.swift in Sources */ = {isa = PBXBuildFile; fileRef = 0124F9802B87B5F0008BCA1E /* UserPost.swift */; };
		0124F9832B87B61D008BCA1E /* UserData.swift in Sources */ = {isa = PBXBuildFile; fileRef = 0124F9822B87B61D008BCA1E /* UserData.swift */; };
		0124F9852B87B631008BCA1E /* User.swift in Sources */ = {isa = PBXBuildFile; fileRef = 0124F9842B87B631008BCA1E /* User.swift */; };
		0124F9872B87DD72008BCA1E /* ProfileTableViewCell.swift in Sources */ = {isa = PBXBuildFile; fileRef = 0124F9862B87DD72008BCA1E /* ProfileTableViewCell.swift */; };
		0124F9892B87DE4C008BCA1E /* ProfileActionsTableViewCell.swift in Sources */ = {isa = PBXBuildFile; fileRef = 0124F9882B87DE4C008BCA1E /* ProfileActionsTableViewCell.swift */; };
		0124F98B2B87DE6D008BCA1E /* UserPostsTableViewCell.swift in Sources */ = {isa = PBXBuildFile; fileRef = 0124F98A2B87DE6D008BCA1E /* UserPostsTableViewCell.swift */; };
		0124F98D2B87DE85008BCA1E /* UserImagesTableViewCell.swift in Sources */ = {isa = PBXBuildFile; fileRef = 0124F98C2B87DE85008BCA1E /* UserImagesTableViewCell.swift */; };
		0124F9912B887E34008BCA1E /* ImageCollectionViewCell.swift in Sources */ = {isa = PBXBuildFile; fileRef = 0124F9902B887E34008BCA1E /* ImageCollectionViewCell.swift */; };
		0124F9942B888F1A008BCA1E /* TabBarController.swift in Sources */ = {isa = PBXBuildFile; fileRef = 0124F9932B888F1A008BCA1E /* TabBarController.swift */; };
		0137AFC92B773DF10050C230 /* AppDelegate.swift in Sources */ = {isa = PBXBuildFile; fileRef = 0137AFC82B773DF10050C230 /* AppDelegate.swift */; };
		0137AFCB2B773DF10050C230 /* SceneDelegate.swift in Sources */ = {isa = PBXBuildFile; fileRef = 0137AFCA2B773DF10050C230 /* SceneDelegate.swift */; };
		0137AFD22B773DF20050C230 /* Assets.xcassets in Resources */ = {isa = PBXBuildFile; fileRef = 0137AFD12B773DF20050C230 /* Assets.xcassets */; };
		0137AFD52B773DF20050C230 /* LaunchScreen.storyboard in Resources */ = {isa = PBXBuildFile; fileRef = 0137AFD32B773DF20050C230 /* LaunchScreen.storyboard */; };
		017FFB382B84B6EC00D7EEF8 /* NewsLineViewController.swift in Sources */ = {isa = PBXBuildFile; fileRef = 017FFB372B84B6EC00D7EEF8 /* NewsLineViewController.swift */; };
		017FFB3E2B84B74400D7EEF8 /* NotificationsViewController.swift in Sources */ = {isa = PBXBuildFile; fileRef = 017FFB3D2B84B74400D7EEF8 /* NotificationsViewController.swift */; };
		017FFB442B84B78200D7EEF8 /* ProfileViewController.swift in Sources */ = {isa = PBXBuildFile; fileRef = 017FFB432B84B78200D7EEF8 /* ProfileViewController.swift */; };
/* End PBXBuildFile section */

/* Begin PBXFileReference section */
		0124F95F2B85C5A5008BCA1E /* StoryTableViewCell.swift */ = {isa = PBXFileReference; lastKnownFileType = sourcecode.swift; path = StoryTableViewCell.swift; sourceTree = "<group>"; };
		0124F9612B85C5B4008BCA1E /* PostsTableViewCell.swift */ = {isa = PBXFileReference; lastKnownFileType = sourcecode.swift; path = PostsTableViewCell.swift; sourceTree = "<group>"; };
		0124F9632B85C8E0008BCA1E /* Story.swift */ = {isa = PBXFileReference; lastKnownFileType = sourcecode.swift; path = Story.swift; sourceTree = "<group>"; };
		0124F9662B85D21F008BCA1E /* UIView+Extension.swift */ = {isa = PBXFileReference; lastKnownFileType = sourcecode.swift; path = "UIView+Extension.swift"; sourceTree = "<group>"; };
		0124F9692B85D251008BCA1E /* PrepareForAutolayout.swift */ = {isa = PBXFileReference; lastKnownFileType = sourcecode.swift; path = PrepareForAutolayout.swift; sourceTree = "<group>"; };
		0124F96B2B85EAD3008BCA1E /* Post.swift */ = {isa = PBXFileReference; lastKnownFileType = sourcecode.swift; path = Post.swift; sourceTree = "<group>"; };
		0124F96D2B85F741008BCA1E /* Colors.xcassets */ = {isa = PBXFileReference; lastKnownFileType = folder.assetcatalog; path = Colors.xcassets; sourceTree = "<group>"; };
		0124F9712B8629CF008BCA1E /* RecomendationsTableViewCell.swift */ = {isa = PBXFileReference; lastKnownFileType = sourcecode.swift; path = RecomendationsTableViewCell.swift; sourceTree = "<group>"; };
		0124F9732B86382B008BCA1E /* Recomendation.swift */ = {isa = PBXFileReference; lastKnownFileType = sourcecode.swift; path = Recomendation.swift; sourceTree = "<group>"; };
		0124F9752B876D6F008BCA1E /* Notification.swift */ = {isa = PBXFileReference; lastKnownFileType = sourcecode.swift; path = Notification.swift; sourceTree = "<group>"; };
		0124F9782B877211008BCA1E /* NotificationTableViewCell.swift */ = {isa = PBXFileReference; lastKnownFileType = sourcecode.swift; path = NotificationTableViewCell.swift; sourceTree = "<group>"; };
		0124F97A2B87976A008BCA1E /* NotificationData.swift */ = {isa = PBXFileReference; lastKnownFileType = sourcecode.swift; path = NotificationData.swift; sourceTree = "<group>"; };
		0124F97C2B87A14F008BCA1E /* NewsData.swift */ = {isa = PBXFileReference; lastKnownFileType = sourcecode.swift; path = NewsData.swift; sourceTree = "<group>"; };
		0124F97E2B87B56D008BCA1E /* SpaceImage.swift */ = {isa = PBXFileReference; lastKnownFileType = sourcecode.swift; path = SpaceImage.swift; sourceTree = "<group>"; };
		0124F9802B87B5F0008BCA1E /* UserPost.swift */ = {isa = PBXFileReference; lastKnownFileType = sourcecode.swift; path = UserPost.swift; sourceTree = "<group>"; };
		0124F9822B87B61D008BCA1E /* UserData.swift */ = {isa = PBXFileReference; lastKnownFileType = sourcecode.swift; path = UserData.swift; sourceTree = "<group>"; };
		0124F9842B87B631008BCA1E /* User.swift */ = {isa = PBXFileReference; lastKnownFileType = sourcecode.swift; path = User.swift; sourceTree = "<group>"; };
		0124F9862B87DD72008BCA1E /* ProfileTableViewCell.swift */ = {isa = PBXFileReference; lastKnownFileType = sourcecode.swift; path = ProfileTableViewCell.swift; sourceTree = "<group>"; };
		0124F9882B87DE4C008BCA1E /* ProfileActionsTableViewCell.swift */ = {isa = PBXFileReference; lastKnownFileType = sourcecode.swift; path = ProfileActionsTableViewCell.swift; sourceTree = "<group>"; };
		0124F98A2B87DE6D008BCA1E /* UserPostsTableViewCell.swift */ = {isa = PBXFileReference; lastKnownFileType = sourcecode.swift; path = UserPostsTableViewCell.swift; sourceTree = "<group>"; };
		0124F98C2B87DE85008BCA1E /* UserImagesTableViewCell.swift */ = {isa = PBXFileReference; lastKnownFileType = sourcecode.swift; path = UserImagesTableViewCell.swift; sourceTree = "<group>"; };
		0124F9902B887E34008BCA1E /* ImageCollectionViewCell.swift */ = {isa = PBXFileReference; lastKnownFileType = sourcecode.swift; path = ImageCollectionViewCell.swift; sourceTree = "<group>"; };
		0124F9932B888F1A008BCA1E /* TabBarController.swift */ = {isa = PBXFileReference; lastKnownFileType = sourcecode.swift; path = TabBarController.swift; sourceTree = "<group>"; };
		0137AFC52B773DF10050C230 /* UIKitDZ.app */ = {isa = PBXFileReference; explicitFileType = wrapper.application; includeInIndex = 0; path = UIKitDZ.app; sourceTree = BUILT_PRODUCTS_DIR; };
		0137AFC82B773DF10050C230 /* AppDelegate.swift */ = {isa = PBXFileReference; lastKnownFileType = sourcecode.swift; path = AppDelegate.swift; sourceTree = "<group>"; };
		0137AFCA2B773DF10050C230 /* SceneDelegate.swift */ = {isa = PBXFileReference; lastKnownFileType = sourcecode.swift; path = SceneDelegate.swift; sourceTree = "<group>"; };
		0137AFD12B773DF20050C230 /* Assets.xcassets */ = {isa = PBXFileReference; lastKnownFileType = folder.assetcatalog; path = Assets.xcassets; sourceTree = "<group>"; };
		0137AFD42B773DF20050C230 /* Base */ = {isa = PBXFileReference; lastKnownFileType = file.storyboard; name = Base; path = Base.lproj/LaunchScreen.storyboard; sourceTree = "<group>"; };
		0137AFD62B773DF20050C230 /* Info.plist */ = {isa = PBXFileReference; lastKnownFileType = text.plist.xml; path = Info.plist; sourceTree = "<group>"; };
		017FFB372B84B6EC00D7EEF8 /* NewsLineViewController.swift */ = {isa = PBXFileReference; lastKnownFileType = sourcecode.swift; path = NewsLineViewController.swift; sourceTree = "<group>"; };
		017FFB3D2B84B74400D7EEF8 /* NotificationsViewController.swift */ = {isa = PBXFileReference; lastKnownFileType = sourcecode.swift; path = NotificationsViewController.swift; sourceTree = "<group>"; };
		017FFB432B84B78200D7EEF8 /* ProfileViewController.swift */ = {isa = PBXFileReference; lastKnownFileType = sourcecode.swift; path = ProfileViewController.swift; sourceTree = "<group>"; };
/* End PBXFileReference section */

/* Begin PBXFrameworksBuildPhase section */
		0137AFC22B773DF10050C230 /* Frameworks */ = {
			isa = PBXFrameworksBuildPhase;
			buildActionMask = 2147483647;
			files = (
			);
			runOnlyForDeploymentPostprocessing = 0;
		};
/* End PBXFrameworksBuildPhase section */

/* Begin PBXGroup section */
		0124F95E2B85C578008BCA1E /* TableViewCells */ = {
			isa = PBXGroup;
			children = (
				0124F95F2B85C5A5008BCA1E /* StoryTableViewCell.swift */,
				0124F9612B85C5B4008BCA1E /* PostsTableViewCell.swift */,
				0124F9712B8629CF008BCA1E /* RecomendationsTableViewCell.swift */,
			);
			name = TableViewCells;
			sourceTree = "<group>";
		};
		0124F9652B85D20B008BCA1E /* Extensions */ = {
			isa = PBXGroup;
			children = (
				0124F9662B85D21F008BCA1E /* UIView+Extension.swift */,
			);
			path = Extensions;
			sourceTree = "<group>";
		};
		0124F9682B85D23D008BCA1E /* Helpers */ = {
			isa = PBXGroup;
			children = (
				0124F9692B85D251008BCA1E /* PrepareForAutolayout.swift */,
			);
			path = Helpers;
			sourceTree = "<group>";
		};
		0124F9772B8771F9008BCA1E /* TableViewCell */ = {
			isa = PBXGroup;
			children = (
				0124F9782B877211008BCA1E /* NotificationTableViewCell.swift */,
			);
			path = TableViewCell;
			sourceTree = "<group>";
		};
		0124F98F2B887E10008BCA1E /* CollectionViewCell */ = {
			isa = PBXGroup;
			children = (
				0124F9902B887E34008BCA1E /* ImageCollectionViewCell.swift */,
			);
			path = CollectionViewCell;
			sourceTree = "<group>";
		};
		0124F9922B888EF3008BCA1E /* TabBar */ = {
			isa = PBXGroup;
			children = (
				0124F9932B888F1A008BCA1E /* TabBarController.swift */,
			);
			path = TabBar;
			sourceTree = "<group>";
		};
		0137AFBC2B773DF00050C230 = {
			isa = PBXGroup;
			children = (
				0137AFC72B773DF10050C230 /* UIKitDZ */,
				0137AFC62B773DF10050C230 /* Products */,
			);
			sourceTree = "<group>";
		};
		0137AFC62B773DF10050C230 /* Products */ = {
			isa = PBXGroup;
			children = (
				0137AFC52B773DF10050C230 /* UIKitDZ.app */,
			);
			name = Products;
			sourceTree = "<group>";
		};
		0137AFC72B773DF10050C230 /* UIKitDZ */ = {
			isa = PBXGroup;
			children = (
				017FFB2D2B84AD1000D7EEF8 /* Application */,
				0124F9652B85D20B008BCA1E /* Extensions */,
				0124F9682B85D23D008BCA1E /* Helpers */,
				017FFB2F2B84B5B000D7EEF8 /* Modules */,
				017FFB2E2B84AD1600D7EEF8 /* SupportingFIles */,
				0137AFD62B773DF20050C230 /* Info.plist */,
			);
			path = UIKitDZ;
			sourceTree = "<group>";
		};
		017FFB2D2B84AD1000D7EEF8 /* Application */ = {
			isa = PBXGroup;
			children = (
				0137AFC82B773DF10050C230 /* AppDelegate.swift */,
				0137AFCA2B773DF10050C230 /* SceneDelegate.swift */,
			);
			path = Application;
			sourceTree = "<group>";
		};
		017FFB2E2B84AD1600D7EEF8 /* SupportingFIles */ = {
			isa = PBXGroup;
			children = (
				0137AFD12B773DF20050C230 /* Assets.xcassets */,
				0124F96D2B85F741008BCA1E /* Colors.xcassets */,
				0137AFD32B773DF20050C230 /* LaunchScreen.storyboard */,
			);
			path = SupportingFIles;
			sourceTree = "<group>";
		};
		017FFB2F2B84B5B000D7EEF8 /* Modules */ = {
			isa = PBXGroup;
			children = (
				0124F9922B888EF3008BCA1E /* TabBar */,
				017FFB332B84B66900D7EEF8 /* NewsLine */,
				017FFB392B84B71500D7EEF8 /* Notifications */,
				017FFB3F2B84B75D00D7EEF8 /* Profile */,
			);
			path = Modules;
			sourceTree = "<group>";
		};
		017FFB332B84B66900D7EEF8 /* NewsLine */ = {
			isa = PBXGroup;
			children = (
				017FFB362B84B6D500D7EEF8 /* Model */,
				017FFB352B84B6CE00D7EEF8 /* View */,
				017FFB342B84B6C600D7EEF8 /* Controller */,
			);
			path = NewsLine;
			sourceTree = "<group>";
		};
		017FFB342B84B6C600D7EEF8 /* Controller */ = {
			isa = PBXGroup;
			children = (
				017FFB372B84B6EC00D7EEF8 /* NewsLineViewController.swift */,
			);
			name = Controller;
			sourceTree = "<group>";
		};
		017FFB352B84B6CE00D7EEF8 /* View */ = {
			isa = PBXGroup;
			children = (
				0124F95E2B85C578008BCA1E /* TableViewCells */,
			);
			name = View;
			sourceTree = "<group>";
		};
		017FFB362B84B6D500D7EEF8 /* Model */ = {
			isa = PBXGroup;
			children = (
				0124F9632B85C8E0008BCA1E /* Story.swift */,
				0124F96B2B85EAD3008BCA1E /* Post.swift */,
				0124F9732B86382B008BCA1E /* Recomendation.swift */,
				0124F97C2B87A14F008BCA1E /* NewsData.swift */,
			);
			name = Model;
			sourceTree = "<group>";
		};
		017FFB392B84B71500D7EEF8 /* Notifications */ = {
			isa = PBXGroup;
			children = (
				017FFB3C2B84B72F00D7EEF8 /* Model */,
				017FFB3B2B84B72700D7EEF8 /* View */,
				017FFB3A2B84B71F00D7EEF8 /* Controller */,
			);
			path = Notifications;
			sourceTree = "<group>";
		};
		017FFB3A2B84B71F00D7EEF8 /* Controller */ = {
			isa = PBXGroup;
			children = (
				017FFB3D2B84B74400D7EEF8 /* NotificationsViewController.swift */,
			);
			path = Controller;
			sourceTree = "<group>";
		};
		017FFB3B2B84B72700D7EEF8 /* View */ = {
			isa = PBXGroup;
			children = (
				0124F9772B8771F9008BCA1E /* TableViewCell */,
			);
			path = View;
			sourceTree = "<group>";
		};
		017FFB3C2B84B72F00D7EEF8 /* Model */ = {
			isa = PBXGroup;
			children = (
				0124F9752B876D6F008BCA1E /* Notification.swift */,
				0124F97A2B87976A008BCA1E /* NotificationData.swift */,
			);
			path = Model;
			sourceTree = "<group>";
		};
		017FFB3F2B84B75D00D7EEF8 /* Profile */ = {
			isa = PBXGroup;
			children = (
				017FFB422B84B77400D7EEF8 /* Model */,
				017FFB412B84B77000D7EEF8 /* View */,
				017FFB402B84B76800D7EEF8 /* Controller */,
			);
			path = Profile;
			sourceTree = "<group>";
		};
		017FFB402B84B76800D7EEF8 /* Controller */ = {
			isa = PBXGroup;
			children = (
				017FFB432B84B78200D7EEF8 /* ProfileViewController.swift */,
			);
			path = Controller;
			sourceTree = "<group>";
		};
		017FFB412B84B77000D7EEF8 /* View */ = {
			isa = PBXGroup;
			children = (
				0124F9862B87DD72008BCA1E /* ProfileTableViewCell.swift */,
				0124F9882B87DE4C008BCA1E /* ProfileActionsTableViewCell.swift */,
				0124F98A2B87DE6D008BCA1E /* UserPostsTableViewCell.swift */,
				0124F98C2B87DE85008BCA1E /* UserImagesTableViewCell.swift */,
				0124F98F2B887E10008BCA1E /* CollectionViewCell */,
			);
			path = View;
			sourceTree = "<group>";
		};
		017FFB422B84B77400D7EEF8 /* Model */ = {
			isa = PBXGroup;
			children = (
				0124F9842B87B631008BCA1E /* User.swift */,
				0124F9802B87B5F0008BCA1E /* UserPost.swift */,
				0124F97E2B87B56D008BCA1E /* SpaceImage.swift */,
				0124F9822B87B61D008BCA1E /* UserData.swift */,
			);
			path = Model;
			sourceTree = "<group>";
		};
/* End PBXGroup section */

/* Begin PBXNativeTarget section */
		0137AFC42B773DF10050C230 /* UIKitDZ */ = {
			isa = PBXNativeTarget;
			buildConfigurationList = 0137AFD92B773DF20050C230 /* Build configuration list for PBXNativeTarget "UIKitDZ" */;
			buildPhases = (
				0137AFDD2B7742670050C230 /* Swift Format */,
				0137AFC12B773DF10050C230 /* Sources */,
				0137AFC22B773DF10050C230 /* Frameworks */,
				0137AFC32B773DF10050C230 /* Resources */,
			);
			buildRules = (
			);
			dependencies = (
			);
			name = UIKitDZ;
			productName = UIKitDZ;
			productReference = 0137AFC52B773DF10050C230 /* UIKitDZ.app */;
			productType = "com.apple.product-type.application";
		};
/* End PBXNativeTarget section */

/* Begin PBXProject section */
		0137AFBD2B773DF10050C230 /* Project object */ = {
			isa = PBXProject;
			attributes = {
				BuildIndependentTargetsInParallel = 1;
				LastSwiftUpdateCheck = 1520;
				LastUpgradeCheck = 1520;
				TargetAttributes = {
					0137AFC42B773DF10050C230 = {
						CreatedOnToolsVersion = 15.2;
					};
				};
			};
			buildConfigurationList = 0137AFC02B773DF10050C230 /* Build configuration list for PBXProject "UIKitDZ" */;
			compatibilityVersion = "Xcode 14.0";
			developmentRegion = en;
			hasScannedForEncodings = 0;
			knownRegions = (
				en,
				Base,
			);
			mainGroup = 0137AFBC2B773DF00050C230;
			productRefGroup = 0137AFC62B773DF10050C230 /* Products */;
			projectDirPath = "";
			projectRoot = "";
			targets = (
				0137AFC42B773DF10050C230 /* UIKitDZ */,
			);
		};
/* End PBXProject section */

/* Begin PBXResourcesBuildPhase section */
		0137AFC32B773DF10050C230 /* Resources */ = {
			isa = PBXResourcesBuildPhase;
			buildActionMask = 2147483647;
			files = (
				0124F96E2B85F741008BCA1E /* Colors.xcassets in Resources */,
				0137AFD52B773DF20050C230 /* LaunchScreen.storyboard in Resources */,
				0137AFD22B773DF20050C230 /* Assets.xcassets in Resources */,
			);
			runOnlyForDeploymentPostprocessing = 0;
		};
/* End PBXResourcesBuildPhase section */

/* Begin PBXShellScriptBuildPhase section */
		0137AFDD2B7742670050C230 /* Swift Format */ = {
			isa = PBXShellScriptBuildPhase;
			alwaysOutOfDate = 1;
			buildActionMask = 2147483647;
			files = (
			);
			inputFileListPaths = (
			);
			inputPaths = (
			);
			name = "Swift Format";
			outputFileListPaths = (
			);
			outputPaths = (
			);
			runOnlyForDeploymentPostprocessing = 0;
			shellPath = /bin/sh;
			shellScript = "if [[ \"$(uname -m)\" == arm64 ]]; then\n    export PATH=\"/opt/homebrew/bin:$PATH\"\nfi\n\nif which swiftformat >/dev/null; then\n  swiftformat .\nelse\n  echo \"warning: SwiftFormat not installed, download from https://github.com/nicklockwood/SwiftFormat\"\nfi\n";
			showEnvVarsInLog = 0;
		};
/* End PBXShellScriptBuildPhase section */

/* Begin PBXSourcesBuildPhase section */
		0137AFC12B773DF10050C230 /* Sources */ = {
			isa = PBXSourcesBuildPhase;
			buildActionMask = 2147483647;
			files = (
				017FFB382B84B6EC00D7EEF8 /* NewsLineViewController.swift in Sources */,
				017FFB3E2B84B74400D7EEF8 /* NotificationsViewController.swift in Sources */,
				0124F9912B887E34008BCA1E /* ImageCollectionViewCell.swift in Sources */,
				0124F9942B888F1A008BCA1E /* TabBarController.swift in Sources */,
				0124F98B2B87DE6D008BCA1E /* UserPostsTableViewCell.swift in Sources */,
				0124F97B2B87976A008BCA1E /* NotificationData.swift in Sources */,
				0124F9872B87DD72008BCA1E /* ProfileTableViewCell.swift in Sources */,
				0124F9812B87B5F0008BCA1E /* UserPost.swift in Sources */,
				017FFB442B84B78200D7EEF8 /* ProfileViewController.swift in Sources */,
				0137AFC92B773DF10050C230 /* AppDelegate.swift in Sources */,
				0124F97D2B87A14F008BCA1E /* NewsData.swift in Sources */,
				0124F9742B86382B008BCA1E /* Recomendation.swift in Sources */,
				0137AFCB2B773DF10050C230 /* SceneDelegate.swift in Sources */,
				0124F9792B877211008BCA1E /* NotificationTableViewCell.swift in Sources */,
				0124F98D2B87DE85008BCA1E /* UserImagesTableViewCell.swift in Sources */,
				0124F9642B85C8E0008BCA1E /* Story.swift in Sources */,
				0124F96C2B85EAD3008BCA1E /* Post.swift in Sources */,
				0124F9602B85C5A5008BCA1E /* StoryTableViewCell.swift in Sources */,
				0124F97F2B87B56D008BCA1E /* SpaceImage.swift in Sources */,
				0124F9722B8629CF008BCA1E /* RecomendationsTableViewCell.swift in Sources */,
				0124F9762B876D6F008BCA1E /* Notification.swift in Sources */,
				0124F9672B85D21F008BCA1E /* UIView+Extension.swift in Sources */,
				0124F96A2B85D251008BCA1E /* PrepareForAutolayout.swift in Sources */,
				0124F9892B87DE4C008BCA1E /* ProfileActionsTableViewCell.swift in Sources */,
				0124F9832B87B61D008BCA1E /* UserData.swift in Sources */,
				0124F9622B85C5B4008BCA1E /* PostsTableViewCell.swift in Sources */,
				0124F9852B87B631008BCA1E /* User.swift in Sources */,
			);
			runOnlyForDeploymentPostprocessing = 0;
		};
/* End PBXSourcesBuildPhase section */

/* Begin PBXVariantGroup section */
		0137AFD32B773DF20050C230 /* LaunchScreen.storyboard */ = {
			isa = PBXVariantGroup;
			children = (
				0137AFD42B773DF20050C230 /* Base */,
			);
			name = LaunchScreen.storyboard;
			sourceTree = "<group>";
		};
/* End PBXVariantGroup section */

/* Begin XCBuildConfiguration section */
		0137AFD72B773DF20050C230 /* Debug */ = {
			isa = XCBuildConfiguration;
			buildSettings = {
				ALWAYS_SEARCH_USER_PATHS = NO;
				ASSETCATALOG_COMPILER_GENERATE_SWIFT_ASSET_SYMBOL_EXTENSIONS = YES;
				CLANG_ANALYZER_NONNULL = YES;
				CLANG_ANALYZER_NUMBER_OBJECT_CONVERSION = YES_AGGRESSIVE;
				CLANG_CXX_LANGUAGE_STANDARD = "gnu++20";
				CLANG_ENABLE_MODULES = YES;
				CLANG_ENABLE_OBJC_ARC = YES;
				CLANG_ENABLE_OBJC_WEAK = YES;
				CLANG_WARN_BLOCK_CAPTURE_AUTORELEASING = YES;
				CLANG_WARN_BOOL_CONVERSION = YES;
				CLANG_WARN_COMMA = YES;
				CLANG_WARN_CONSTANT_CONVERSION = YES;
				CLANG_WARN_DEPRECATED_OBJC_IMPLEMENTATIONS = YES;
				CLANG_WARN_DIRECT_OBJC_ISA_USAGE = YES_ERROR;
				CLANG_WARN_DOCUMENTATION_COMMENTS = YES;
				CLANG_WARN_EMPTY_BODY = YES;
				CLANG_WARN_ENUM_CONVERSION = YES;
				CLANG_WARN_INFINITE_RECURSION = YES;
				CLANG_WARN_INT_CONVERSION = YES;
				CLANG_WARN_NON_LITERAL_NULL_CONVERSION = YES;
				CLANG_WARN_OBJC_IMPLICIT_RETAIN_SELF = YES;
				CLANG_WARN_OBJC_LITERAL_CONVERSION = YES;
				CLANG_WARN_OBJC_ROOT_CLASS = YES_ERROR;
				CLANG_WARN_QUOTED_INCLUDE_IN_FRAMEWORK_HEADER = YES;
				CLANG_WARN_RANGE_LOOP_ANALYSIS = YES;
				CLANG_WARN_STRICT_PROTOTYPES = YES;
				CLANG_WARN_SUSPICIOUS_MOVE = YES;
				CLANG_WARN_UNGUARDED_AVAILABILITY = YES_AGGRESSIVE;
				CLANG_WARN_UNREACHABLE_CODE = YES;
				CLANG_WARN__DUPLICATE_METHOD_MATCH = YES;
				COPY_PHASE_STRIP = NO;
				DEBUG_INFORMATION_FORMAT = dwarf;
				ENABLE_STRICT_OBJC_MSGSEND = YES;
				ENABLE_TESTABILITY = YES;
				ENABLE_USER_SCRIPT_SANDBOXING = YES;
				GCC_C_LANGUAGE_STANDARD = gnu17;
				GCC_DYNAMIC_NO_PIC = NO;
				GCC_NO_COMMON_BLOCKS = YES;
				GCC_OPTIMIZATION_LEVEL = 0;
				GCC_PREPROCESSOR_DEFINITIONS = (
					"DEBUG=1",
					"$(inherited)",
				);
				GCC_WARN_64_TO_32_BIT_CONVERSION = YES;
				GCC_WARN_ABOUT_RETURN_TYPE = YES_ERROR;
				GCC_WARN_UNDECLARED_SELECTOR = YES;
				GCC_WARN_UNINITIALIZED_AUTOS = YES_AGGRESSIVE;
				GCC_WARN_UNUSED_FUNCTION = YES;
				GCC_WARN_UNUSED_VARIABLE = YES;
				IPHONEOS_DEPLOYMENT_TARGET = 17.2;
				LOCALIZATION_PREFERS_STRING_CATALOGS = YES;
				MTL_ENABLE_DEBUG_INFO = INCLUDE_SOURCE;
				MTL_FAST_MATH = YES;
				ONLY_ACTIVE_ARCH = YES;
				SDKROOT = iphoneos;
				SWIFT_ACTIVE_COMPILATION_CONDITIONS = "DEBUG $(inherited)";
				SWIFT_OPTIMIZATION_LEVEL = "-Onone";
			};
			name = Debug;
		};
		0137AFD82B773DF20050C230 /* Release */ = {
			isa = XCBuildConfiguration;
			buildSettings = {
				ALWAYS_SEARCH_USER_PATHS = NO;
				ASSETCATALOG_COMPILER_GENERATE_SWIFT_ASSET_SYMBOL_EXTENSIONS = YES;
				CLANG_ANALYZER_NONNULL = YES;
				CLANG_ANALYZER_NUMBER_OBJECT_CONVERSION = YES_AGGRESSIVE;
				CLANG_CXX_LANGUAGE_STANDARD = "gnu++20";
				CLANG_ENABLE_MODULES = YES;
				CLANG_ENABLE_OBJC_ARC = YES;
				CLANG_ENABLE_OBJC_WEAK = YES;
				CLANG_WARN_BLOCK_CAPTURE_AUTORELEASING = YES;
				CLANG_WARN_BOOL_CONVERSION = YES;
				CLANG_WARN_COMMA = YES;
				CLANG_WARN_CONSTANT_CONVERSION = YES;
				CLANG_WARN_DEPRECATED_OBJC_IMPLEMENTATIONS = YES;
				CLANG_WARN_DIRECT_OBJC_ISA_USAGE = YES_ERROR;
				CLANG_WARN_DOCUMENTATION_COMMENTS = YES;
				CLANG_WARN_EMPTY_BODY = YES;
				CLANG_WARN_ENUM_CONVERSION = YES;
				CLANG_WARN_INFINITE_RECURSION = YES;
				CLANG_WARN_INT_CONVERSION = YES;
				CLANG_WARN_NON_LITERAL_NULL_CONVERSION = YES;
				CLANG_WARN_OBJC_IMPLICIT_RETAIN_SELF = YES;
				CLANG_WARN_OBJC_LITERAL_CONVERSION = YES;
				CLANG_WARN_OBJC_ROOT_CLASS = YES_ERROR;
				CLANG_WARN_QUOTED_INCLUDE_IN_FRAMEWORK_HEADER = YES;
				CLANG_WARN_RANGE_LOOP_ANALYSIS = YES;
				CLANG_WARN_STRICT_PROTOTYPES = YES;
				CLANG_WARN_SUSPICIOUS_MOVE = YES;
				CLANG_WARN_UNGUARDED_AVAILABILITY = YES_AGGRESSIVE;
				CLANG_WARN_UNREACHABLE_CODE = YES;
				CLANG_WARN__DUPLICATE_METHOD_MATCH = YES;
				COPY_PHASE_STRIP = NO;
				DEBUG_INFORMATION_FORMAT = "dwarf-with-dsym";
				ENABLE_NS_ASSERTIONS = NO;
				ENABLE_STRICT_OBJC_MSGSEND = YES;
				ENABLE_USER_SCRIPT_SANDBOXING = YES;
				GCC_C_LANGUAGE_STANDARD = gnu17;
				GCC_NO_COMMON_BLOCKS = YES;
				GCC_WARN_64_TO_32_BIT_CONVERSION = YES;
				GCC_WARN_ABOUT_RETURN_TYPE = YES_ERROR;
				GCC_WARN_UNDECLARED_SELECTOR = YES;
				GCC_WARN_UNINITIALIZED_AUTOS = YES_AGGRESSIVE;
				GCC_WARN_UNUSED_FUNCTION = YES;
				GCC_WARN_UNUSED_VARIABLE = YES;
				IPHONEOS_DEPLOYMENT_TARGET = 17.2;
				LOCALIZATION_PREFERS_STRING_CATALOGS = YES;
				MTL_ENABLE_DEBUG_INFO = NO;
				MTL_FAST_MATH = YES;
				SDKROOT = iphoneos;
				SWIFT_COMPILATION_MODE = wholemodule;
				VALIDATE_PRODUCT = YES;
			};
			name = Release;
		};
		0137AFDA2B773DF20050C230 /* Debug */ = {
			isa = XCBuildConfiguration;
			buildSettings = {
				ASSETCATALOG_COMPILER_APPICON_NAME = AppIcon;
				ASSETCATALOG_COMPILER_GLOBAL_ACCENT_COLOR_NAME = AccentColor;
				CODE_SIGN_STYLE = Automatic;
				CURRENT_PROJECT_VERSION = 1;
				ENABLE_USER_SCRIPT_SANDBOXING = NO;
				GENERATE_INFOPLIST_FILE = YES;
				INFOPLIST_FILE = UIKitDZ/Info.plist;
				INFOPLIST_KEY_UIApplicationSupportsIndirectInputEvents = YES;
				INFOPLIST_KEY_UILaunchStoryboardName = LaunchScreen;
				INFOPLIST_KEY_UISupportedInterfaceOrientations_iPad = "UIInterfaceOrientationPortrait UIInterfaceOrientationPortraitUpsideDown UIInterfaceOrientationLandscapeLeft UIInterfaceOrientationLandscapeRight";
				INFOPLIST_KEY_UISupportedInterfaceOrientations_iPhone = "UIInterfaceOrientationPortrait UIInterfaceOrientationLandscapeLeft UIInterfaceOrientationLandscapeRight";
				LD_RUNPATH_SEARCH_PATHS = (
					"$(inherited)",
					"@executable_path/Frameworks",
				);
				MARKETING_VERSION = 1.0;
				PRODUCT_BUNDLE_IDENTIFIER = com.UIKitDZ;
				PRODUCT_NAME = "$(TARGET_NAME)";
				SWIFT_EMIT_LOC_STRINGS = YES;
				SWIFT_VERSION = 5.0;
				TARGETED_DEVICE_FAMILY = "1,2";
			};
			name = Debug;
		};
		0137AFDB2B773DF20050C230 /* Release */ = {
			isa = XCBuildConfiguration;
			buildSettings = {
				ASSETCATALOG_COMPILER_APPICON_NAME = AppIcon;
				ASSETCATALOG_COMPILER_GLOBAL_ACCENT_COLOR_NAME = AccentColor;
				CODE_SIGN_STYLE = Automatic;
				CURRENT_PROJECT_VERSION = 1;
				ENABLE_USER_SCRIPT_SANDBOXING = NO;
				GENERATE_INFOPLIST_FILE = YES;
				INFOPLIST_FILE = UIKitDZ/Info.plist;
				INFOPLIST_KEY_UIApplicationSupportsIndirectInputEvents = YES;
				INFOPLIST_KEY_UILaunchStoryboardName = LaunchScreen;
				INFOPLIST_KEY_UISupportedInterfaceOrientations_iPad = "UIInterfaceOrientationPortrait UIInterfaceOrientationPortraitUpsideDown UIInterfaceOrientationLandscapeLeft UIInterfaceOrientationLandscapeRight";
				INFOPLIST_KEY_UISupportedInterfaceOrientations_iPhone = "UIInterfaceOrientationPortrait UIInterfaceOrientationLandscapeLeft UIInterfaceOrientationLandscapeRight";
				LD_RUNPATH_SEARCH_PATHS = (
					"$(inherited)",
					"@executable_path/Frameworks",
				);
				MARKETING_VERSION = 1.0;
				PRODUCT_BUNDLE_IDENTIFIER = com.UIKitDZ;
				PRODUCT_NAME = "$(TARGET_NAME)";
				SWIFT_EMIT_LOC_STRINGS = YES;
				SWIFT_VERSION = 5.0;
				TARGETED_DEVICE_FAMILY = "1,2";
			};
			name = Release;
		};
/* End XCBuildConfiguration section */

/* Begin XCConfigurationList section */
		0137AFC02B773DF10050C230 /* Build configuration list for PBXProject "UIKitDZ" */ = {
			isa = XCConfigurationList;
			buildConfigurations = (
				0137AFD72B773DF20050C230 /* Debug */,
				0137AFD82B773DF20050C230 /* Release */,
			);
			defaultConfigurationIsVisible = 0;
			defaultConfigurationName = Release;
		};
		0137AFD92B773DF20050C230 /* Build configuration list for PBXNativeTarget "UIKitDZ" */ = {
			isa = XCConfigurationList;
			buildConfigurations = (
				0137AFDA2B773DF20050C230 /* Debug */,
				0137AFDB2B773DF20050C230 /* Release */,
			);
			defaultConfigurationIsVisible = 0;
			defaultConfigurationName = Release;
		};
/* End XCConfigurationList section */
	};
	rootObject = 0137AFBD2B773DF10050C230 /* Project object */;
}
